// !$*UTF8*$!
{
	archiveVersion = 1;
	classes = {
	};
	objectVersion = 50;
	objects = {

/* Begin PBXBuildFile section */
		4E52863A2457906F00AA1096 /* TripController.swift in Sources */ = {isa = PBXBuildFile; fileRef = 4E5286392457906F00AA1096 /* TripController.swift */; };
		4E52863C2457978800AA1096 /* LocationController.swift in Sources */ = {isa = PBXBuildFile; fileRef = 4E52863B2457978800AA1096 /* LocationController.swift */; };
		4E6C765F245A0D6F00F401D3 /* TripTableViewCell.swift in Sources */ = {isa = PBXBuildFile; fileRef = 4E6C765E245A0D6F00F401D3 /* TripTableViewCell.swift */; };
		4ED3275B2453A02800558297 /* CoreDataStack.swift in Sources */ = {isa = PBXBuildFile; fileRef = 4ED3275A2453A02800558297 /* CoreDataStack.swift */; };
		4ED3275D2453A07600558297 /* AirQuality.swift in Sources */ = {isa = PBXBuildFile; fileRef = 4ED3275C2453A07600558297 /* AirQuality.swift */; };
		4ED3275F2453A08500558297 /* Location.swift in Sources */ = {isa = PBXBuildFile; fileRef = 4ED3275E2453A08500558297 /* Location.swift */; };
		4ED327612453A09300558297 /* Trip.swift in Sources */ = {isa = PBXBuildFile; fileRef = 4ED327602453A09200558297 /* Trip.swift */; };
		4ED7139C2458BA1F00F15547 /* TripDetailViewController.swift in Sources */ = {isa = PBXBuildFile; fileRef = 4ED7139B2458BA1F00F15547 /* TripDetailViewController.swift */; };
		4ED7139E2458D5D400F15547 /* TripListViewController.swift in Sources */ = {isa = PBXBuildFile; fileRef = 4ED7139D2458D5D400F15547 /* TripListViewController.swift */; };
		9E731C37245899FE00B5420D /* WeatherTheStorm.xcdatamodeld in Sources */ = {isa = PBXBuildFile; fileRef = 9E731C35245899FD00B5420D /* WeatherTheStorm.xcdatamodeld */; };
		9E731C3924589F5C00B5420D /* TestViewController.swift in Sources */ = {isa = PBXBuildFile; fileRef = 9E731C3824589F5C00B5420D /* TestViewController.swift */; };
		9E731C3B2458A66400B5420D /* ErrorExtension.swift in Sources */ = {isa = PBXBuildFile; fileRef = 9E731C3A2458A66400B5420D /* ErrorExtension.swift */; };
		9E731C3D2458B5C500B5420D /* Weather.swift in Sources */ = {isa = PBXBuildFile; fileRef = 9E731C3C2458B5C500B5420D /* Weather.swift */; };
		9E731C3F2458BAEF00B5420D /* NetworkController.swift in Sources */ = {isa = PBXBuildFile; fileRef = 9E731C3E2458BAEF00B5420D /* NetworkController.swift */; };
		9E731C412458C0C200B5420D /* CurrentWeatherController.swift in Sources */ = {isa = PBXBuildFile; fileRef = 9E731C402458C0C200B5420D /* CurrentWeatherController.swift */; };
		9E731C432458C0F300B5420D /* HourlyWeatherController.swift in Sources */ = {isa = PBXBuildFile; fileRef = 9E731C422458C0F300B5420D /* HourlyWeatherController.swift */; };
		9E731C452458C12600B5420D /* DailyForecastController.swift in Sources */ = {isa = PBXBuildFile; fileRef = 9E731C442458C12600B5420D /* DailyForecastController.swift */; };
		9E731C492458DA3300B5420D /* APITestViewController.swift in Sources */ = {isa = PBXBuildFile; fileRef = 9E731C482458DA3300B5420D /* APITestViewController.swift */; };
		9E7835AC2460BE5A008B4CF1 /* NewReminderTableViewController.swift in Sources */ = {isa = PBXBuildFile; fileRef = 9E7835AB2460BE5A008B4CF1 /* NewReminderTableViewController.swift */; };
		9E7835AE2460BF45008B4CF1 /* LocationSearchTableViewCell.swift in Sources */ = {isa = PBXBuildFile; fileRef = 9E7835AD2460BF45008B4CF1 /* LocationSearchTableViewCell.swift */; };
		9E8700EC24535C8C005AD32A /* AppDelegate.swift in Sources */ = {isa = PBXBuildFile; fileRef = 9E8700EB24535C8C005AD32A /* AppDelegate.swift */; };
		9E8700EE24535C8C005AD32A /* SceneDelegate.swift in Sources */ = {isa = PBXBuildFile; fileRef = 9E8700ED24535C8C005AD32A /* SceneDelegate.swift */; };
		9E8700F324535C8C005AD32A /* Main.storyboard in Resources */ = {isa = PBXBuildFile; fileRef = 9E8700F124535C8C005AD32A /* Main.storyboard */; };
		9E8700F824535C8F005AD32A /* Assets.xcassets in Resources */ = {isa = PBXBuildFile; fileRef = 9E8700F724535C8F005AD32A /* Assets.xcassets */; };
		9E8700FB24535C8F005AD32A /* LaunchScreen.storyboard in Resources */ = {isa = PBXBuildFile; fileRef = 9E8700F924535C8F005AD32A /* LaunchScreen.storyboard */; };
		9E9F3686245753570044086A /* Day.swift in Sources */ = {isa = PBXBuildFile; fileRef = 9E9F3684245753560044086A /* Day.swift */; };
		9E9F3687245753570044086A /* DailyForecast.swift in Sources */ = {isa = PBXBuildFile; fileRef = 9E9F3685245753560044086A /* DailyForecast.swift */; };
		9EC6BC07245CCD250090CA45 /* AirQualityController.swift in Sources */ = {isa = PBXBuildFile; fileRef = 9EC6BC06245CCD250090CA45 /* AirQualityController.swift */; };
		E92E8A20245A0C3B00E5354B /* ForecastDetailViewController.swift in Sources */ = {isa = PBXBuildFile; fileRef = E92E8A1F245A0C3B00E5354B /* ForecastDetailViewController.swift */; };
		E978FBF92458BA8C00E2DD82 /* ForecastSB.storyboard in Resources */ = {isa = PBXBuildFile; fileRef = E978FBF82458BA8C00E2DD82 /* ForecastSB.storyboard */; };
		E978FBFB2458BB2100E2DD82 /* WorkWeatherSB.storyboard in Resources */ = {isa = PBXBuildFile; fileRef = E978FBFA2458BB2100E2DD82 /* WorkWeatherSB.storyboard */; };
		E978FBFD2458BB8000E2DD82 /* TripWeatherSB.storyboard in Resources */ = {isa = PBXBuildFile; fileRef = E978FBFC2458BB8000E2DD82 /* TripWeatherSB.storyboard */; };
		E978FC012458BBE100E2DD82 /* NotificationsSB.storyboard in Resources */ = {isa = PBXBuildFile; fileRef = E978FC002458BBE100E2DD82 /* NotificationsSB.storyboard */; };
		E978FC052458DE8F00E2DD82 /* ForecastViewController.swift in Sources */ = {isa = PBXBuildFile; fileRef = E978FC042458DE8F00E2DD82 /* ForecastViewController.swift */; };
		E978FC072458E5B800E2DD82 /* DateExtension.swift in Sources */ = {isa = PBXBuildFile; fileRef = E978FC062458E5B800E2DD82 /* DateExtension.swift */; };
		E9A4F5C1245CA46800BDCBD1 /* LocationExtension.swift in Sources */ = {isa = PBXBuildFile; fileRef = E9A4F5C0245CA46800BDCBD1 /* LocationExtension.swift */; };
		E9B6BC0A24575F3A00F0209A /* CurrentWeather.swift in Sources */ = {isa = PBXBuildFile; fileRef = E9B6BC0924575F3A00F0209A /* CurrentWeather.swift */; };
		E9B6BC0C24575F6500F0209A /* HourlyForecast.swift in Sources */ = {isa = PBXBuildFile; fileRef = E9B6BC0B24575F6500F0209A /* HourlyForecast.swift */; };
		E9B6BC0E245784DB00F0209A /* UserController.swift in Sources */ = {isa = PBXBuildFile; fileRef = E9B6BC0D245784DB00F0209A /* UserController.swift */; };
		E9BB5B382460B7CC0024CB8F /* HourlyForecastTableViewCell.swift in Sources */ = {isa = PBXBuildFile; fileRef = E9BB5B372460B7CC0024CB8F /* HourlyForecastTableViewCell.swift */; };
/* End PBXBuildFile section */

/* Begin PBXFileReference section */
		4E5286392457906F00AA1096 /* TripController.swift */ = {isa = PBXFileReference; lastKnownFileType = sourcecode.swift; name = TripController.swift; path = WeatherTheStorm/Model/TripController.swift; sourceTree = SOURCE_ROOT; };
		4E52863B2457978800AA1096 /* LocationController.swift */ = {isa = PBXFileReference; lastKnownFileType = sourcecode.swift; name = LocationController.swift; path = WeatherTheStorm/Model/LocationController.swift; sourceTree = SOURCE_ROOT; };
		4E6C765E245A0D6F00F401D3 /* TripTableViewCell.swift */ = {isa = PBXFileReference; lastKnownFileType = sourcecode.swift; path = TripTableViewCell.swift; sourceTree = "<group>"; };
		4ED3275A2453A02800558297 /* CoreDataStack.swift */ = {isa = PBXFileReference; lastKnownFileType = sourcecode.swift; path = CoreDataStack.swift; sourceTree = "<group>"; };
		4ED3275C2453A07600558297 /* AirQuality.swift */ = {isa = PBXFileReference; lastKnownFileType = sourcecode.swift; path = AirQuality.swift; sourceTree = "<group>"; };
		4ED3275E2453A08500558297 /* Location.swift */ = {isa = PBXFileReference; lastKnownFileType = sourcecode.swift; path = Location.swift; sourceTree = "<group>"; };
		4ED327602453A09200558297 /* Trip.swift */ = {isa = PBXFileReference; lastKnownFileType = sourcecode.swift; path = Trip.swift; sourceTree = "<group>"; };
		4ED7139B2458BA1F00F15547 /* TripDetailViewController.swift */ = {isa = PBXFileReference; lastKnownFileType = sourcecode.swift; path = TripDetailViewController.swift; sourceTree = "<group>"; };
		4ED7139D2458D5D400F15547 /* TripListViewController.swift */ = {isa = PBXFileReference; lastKnownFileType = sourcecode.swift; path = TripListViewController.swift; sourceTree = "<group>"; };
		9E731C36245899FD00B5420D /* WeatherTheStorm.xcdatamodel */ = {isa = PBXFileReference; lastKnownFileType = wrapper.xcdatamodel; path = WeatherTheStorm.xcdatamodel; sourceTree = "<group>"; };
		9E731C3824589F5C00B5420D /* TestViewController.swift */ = {isa = PBXFileReference; lastKnownFileType = sourcecode.swift; path = TestViewController.swift; sourceTree = "<group>"; };
		9E731C3A2458A66400B5420D /* ErrorExtension.swift */ = {isa = PBXFileReference; lastKnownFileType = sourcecode.swift; path = ErrorExtension.swift; sourceTree = "<group>"; };
		9E731C3C2458B5C500B5420D /* Weather.swift */ = {isa = PBXFileReference; lastKnownFileType = sourcecode.swift; path = Weather.swift; sourceTree = "<group>"; };
		9E731C3E2458BAEF00B5420D /* NetworkController.swift */ = {isa = PBXFileReference; lastKnownFileType = sourcecode.swift; path = NetworkController.swift; sourceTree = "<group>"; };
		9E731C402458C0C200B5420D /* CurrentWeatherController.swift */ = {isa = PBXFileReference; lastKnownFileType = sourcecode.swift; name = CurrentWeatherController.swift; path = WeatherTheStorm/Controllers/CurrentWeatherController.swift; sourceTree = SOURCE_ROOT; };
		9E731C422458C0F300B5420D /* HourlyWeatherController.swift */ = {isa = PBXFileReference; lastKnownFileType = sourcecode.swift; name = HourlyWeatherController.swift; path = WeatherTheStorm/Controllers/HourlyWeatherController.swift; sourceTree = SOURCE_ROOT; };
		9E731C442458C12600B5420D /* DailyForecastController.swift */ = {isa = PBXFileReference; lastKnownFileType = sourcecode.swift; name = DailyForecastController.swift; path = WeatherTheStorm/Controllers/DailyForecastController.swift; sourceTree = SOURCE_ROOT; };
		9E731C482458DA3300B5420D /* APITestViewController.swift */ = {isa = PBXFileReference; lastKnownFileType = sourcecode.swift; path = APITestViewController.swift; sourceTree = "<group>"; };
		9E7835AB2460BE5A008B4CF1 /* NewReminderTableViewController.swift */ = {isa = PBXFileReference; lastKnownFileType = sourcecode.swift; path = NewReminderTableViewController.swift; sourceTree = "<group>"; };
		9E7835AD2460BF45008B4CF1 /* LocationSearchTableViewCell.swift */ = {isa = PBXFileReference; lastKnownFileType = sourcecode.swift; path = LocationSearchTableViewCell.swift; sourceTree = "<group>"; };
		9E8700E824535C8C005AD32A /* WeatherTheStorm.app */ = {isa = PBXFileReference; explicitFileType = wrapper.application; includeInIndex = 0; path = WeatherTheStorm.app; sourceTree = BUILT_PRODUCTS_DIR; };
		9E8700EB24535C8C005AD32A /* AppDelegate.swift */ = {isa = PBXFileReference; lastKnownFileType = sourcecode.swift; path = AppDelegate.swift; sourceTree = "<group>"; };
		9E8700ED24535C8C005AD32A /* SceneDelegate.swift */ = {isa = PBXFileReference; lastKnownFileType = sourcecode.swift; path = SceneDelegate.swift; sourceTree = "<group>"; };
		9E8700F224535C8C005AD32A /* Base */ = {isa = PBXFileReference; lastKnownFileType = file.storyboard; name = Base; path = Base.lproj/Main.storyboard; sourceTree = "<group>"; };
		9E8700F724535C8F005AD32A /* Assets.xcassets */ = {isa = PBXFileReference; lastKnownFileType = folder.assetcatalog; path = Assets.xcassets; sourceTree = "<group>"; };
		9E8700FA24535C8F005AD32A /* Base */ = {isa = PBXFileReference; lastKnownFileType = file.storyboard; name = Base; path = Base.lproj/LaunchScreen.storyboard; sourceTree = "<group>"; };
		9E8700FC24535C8F005AD32A /* Info.plist */ = {isa = PBXFileReference; lastKnownFileType = text.plist.xml; path = Info.plist; sourceTree = "<group>"; };
		9E9F3684245753560044086A /* Day.swift */ = {isa = PBXFileReference; fileEncoding = 4; lastKnownFileType = sourcecode.swift; path = Day.swift; sourceTree = "<group>"; };
		9E9F3685245753560044086A /* DailyForecast.swift */ = {isa = PBXFileReference; fileEncoding = 4; lastKnownFileType = sourcecode.swift; path = DailyForecast.swift; sourceTree = "<group>"; };
		9EC6BC06245CCD250090CA45 /* AirQualityController.swift */ = {isa = PBXFileReference; lastKnownFileType = sourcecode.swift; name = AirQualityController.swift; path = WeatherTheStorm/Model/AirQualityController.swift; sourceTree = SOURCE_ROOT; };
		E92E8A1F245A0C3B00E5354B /* ForecastDetailViewController.swift */ = {isa = PBXFileReference; lastKnownFileType = sourcecode.swift; path = ForecastDetailViewController.swift; sourceTree = "<group>"; };
		E978FBF82458BA8C00E2DD82 /* ForecastSB.storyboard */ = {isa = PBXFileReference; lastKnownFileType = file.storyboard; path = ForecastSB.storyboard; sourceTree = "<group>"; };
		E978FBFA2458BB2100E2DD82 /* WorkWeatherSB.storyboard */ = {isa = PBXFileReference; lastKnownFileType = file.storyboard; path = WorkWeatherSB.storyboard; sourceTree = "<group>"; };
		E978FBFC2458BB8000E2DD82 /* TripWeatherSB.storyboard */ = {isa = PBXFileReference; lastKnownFileType = file.storyboard; path = TripWeatherSB.storyboard; sourceTree = "<group>"; };
		E978FC002458BBE100E2DD82 /* NotificationsSB.storyboard */ = {isa = PBXFileReference; lastKnownFileType = file.storyboard; path = NotificationsSB.storyboard; sourceTree = "<group>"; };
		E978FC042458DE8F00E2DD82 /* ForecastViewController.swift */ = {isa = PBXFileReference; lastKnownFileType = sourcecode.swift; path = ForecastViewController.swift; sourceTree = "<group>"; };
		E978FC062458E5B800E2DD82 /* DateExtension.swift */ = {isa = PBXFileReference; lastKnownFileType = sourcecode.swift; path = DateExtension.swift; sourceTree = "<group>"; };
		E9A4F5C0245CA46800BDCBD1 /* LocationExtension.swift */ = {isa = PBXFileReference; lastKnownFileType = sourcecode.swift; path = LocationExtension.swift; sourceTree = "<group>"; };
		E9B6BC0924575F3A00F0209A /* CurrentWeather.swift */ = {isa = PBXFileReference; lastKnownFileType = sourcecode.swift; path = CurrentWeather.swift; sourceTree = "<group>"; };
		E9B6BC0B24575F6500F0209A /* HourlyForecast.swift */ = {isa = PBXFileReference; lastKnownFileType = sourcecode.swift; path = HourlyForecast.swift; sourceTree = "<group>"; };
		E9B6BC0D245784DB00F0209A /* UserController.swift */ = {isa = PBXFileReference; lastKnownFileType = sourcecode.swift; name = UserController.swift; path = WeatherTheStorm/Model/UserController.swift; sourceTree = SOURCE_ROOT; };
		E9BB5B372460B7CC0024CB8F /* HourlyForecastTableViewCell.swift */ = {isa = PBXFileReference; lastKnownFileType = sourcecode.swift; path = HourlyForecastTableViewCell.swift; sourceTree = "<group>"; };
/* End PBXFileReference section */

/* Begin PBXFrameworksBuildPhase section */
		9E8700E524535C8C005AD32A /* Frameworks */ = {
			isa = PBXFrameworksBuildPhase;
			buildActionMask = 2147483647;
			files = (
			);
			runOnlyForDeploymentPostprocessing = 0;
		};
/* End PBXFrameworksBuildPhase section */

/* Begin PBXGroup section */
		9E29CC2F2453AAB800CA3891 /* Helpers */ = {
			isa = PBXGroup;
			children = (
				9E731C3A2458A66400B5420D /* ErrorExtension.swift */,
				E978FC062458E5B800E2DD82 /* DateExtension.swift */,
				E9A4F5C0245CA46800BDCBD1 /* LocationExtension.swift */,
			);
			path = Helpers;
			sourceTree = "<group>";
		};
		9E8700DF24535C8C005AD32A = {
			isa = PBXGroup;
			children = (
				9E8700EA24535C8C005AD32A /* WeatherTheStorm */,
				9E8700E924535C8C005AD32A /* Products */,
			);
			sourceTree = "<group>";
		};
		9E8700E924535C8C005AD32A /* Products */ = {
			isa = PBXGroup;
			children = (
				9E8700E824535C8C005AD32A /* WeatherTheStorm.app */,
			);
			name = Products;
			sourceTree = "<group>";
		};
		9E8700EA24535C8C005AD32A /* WeatherTheStorm */ = {
			isa = PBXGroup;
			children = (
				9E731C35245899FD00B5420D /* WeatherTheStorm.xcdatamodeld */,
				9E29CC2F2453AAB800CA3891 /* Helpers */,
				9E87010424535D40005AD32A /* Model */,
				9E87010524535D48005AD32A /* Controllers */,
				9E87010824535D67005AD32A /* View */,
				9E87010324535D06005AD32A /* Resources */,
			);
			path = WeatherTheStorm;
			sourceTree = "<group>";
		};
		9E87010324535D06005AD32A /* Resources */ = {
			isa = PBXGroup;
			children = (
				9E8700EB24535C8C005AD32A /* AppDelegate.swift */,
				9E8700ED24535C8C005AD32A /* SceneDelegate.swift */,
				9E8700F724535C8F005AD32A /* Assets.xcassets */,
				9E8700F924535C8F005AD32A /* LaunchScreen.storyboard */,
				9E8700FC24535C8F005AD32A /* Info.plist */,
			);
			path = Resources;
			sourceTree = "<group>";
		};
		9E87010424535D40005AD32A /* Model */ = {
			isa = PBXGroup;
			children = (
				4ED3275A2453A02800558297 /* CoreDataStack.swift */,
				4ED327602453A09200558297 /* Trip.swift */,
				4ED3275E2453A08500558297 /* Location.swift */,
				9E731C3C2458B5C500B5420D /* Weather.swift */,
				E9B6BC0924575F3A00F0209A /* CurrentWeather.swift */,
				E9B6BC0B24575F6500F0209A /* HourlyForecast.swift */,
				9E9F3685245753560044086A /* DailyForecast.swift */,
				9E9F3684245753560044086A /* Day.swift */,
				4ED3275C2453A07600558297 /* AirQuality.swift */,
			);
			path = Model;
			sourceTree = "<group>";
		};
		9E87010524535D48005AD32A /* Controllers */ = {
			isa = PBXGroup;
			children = (
				9E87010724535D59005AD32A /* Model Controllers */,
				9E87010624535D51005AD32A /* View Controllers */,
				9E731C3E2458BAEF00B5420D /* NetworkController.swift */,
			);
			path = Controllers;
			sourceTree = "<group>";
		};
		9E87010624535D51005AD32A /* View Controllers */ = {
			isa = PBXGroup;
			children = (
				9E731C3824589F5C00B5420D /* TestViewController.swift */,
				4ED7139D2458D5D400F15547 /* TripListViewController.swift */,
				4E6C765E245A0D6F00F401D3 /* TripTableViewCell.swift */,
				9E731C482458DA3300B5420D /* APITestViewController.swift */,
				4ED7139B2458BA1F00F15547 /* TripDetailViewController.swift */,
				E978FC042458DE8F00E2DD82 /* ForecastViewController.swift */,
				E92E8A1F245A0C3B00E5354B /* ForecastDetailViewController.swift */,
				9E7835AB2460BE5A008B4CF1 /* NewReminderTableViewController.swift */,
				9E7835AD2460BF45008B4CF1 /* LocationSearchTableViewCell.swift */,
=======
				E9BB5B372460B7CC0024CB8F /* HourlyForecastTableViewCell.swift */,
>>>>>>> Stashed changes
			);
			path = "View Controllers";
			sourceTree = "<group>";
		};
		9E87010724535D59005AD32A /* Model Controllers */ = {
			isa = PBXGroup;
			children = (
				E9B6BC0D245784DB00F0209A /* UserController.swift */,
				4E5286392457906F00AA1096 /* TripController.swift */,
				4E52863B2457978800AA1096 /* LocationController.swift */,
				9E731C402458C0C200B5420D /* CurrentWeatherController.swift */,
				9E731C422458C0F300B5420D /* HourlyWeatherController.swift */,
				9E731C442458C12600B5420D /* DailyForecastController.swift */,
				9EC6BC06245CCD250090CA45 /* AirQualityController.swift */,
			);
			path = "Model Controllers";
			sourceTree = "<group>";
		};
		9E87010824535D67005AD32A /* View */ = {
			isa = PBXGroup;
			children = (
				9E8700F124535C8C005AD32A /* Main.storyboard */,
				E978FBF82458BA8C00E2DD82 /* ForecastSB.storyboard */,
				E978FBFA2458BB2100E2DD82 /* WorkWeatherSB.storyboard */,
				E978FBFC2458BB8000E2DD82 /* TripWeatherSB.storyboard */,
				E978FC002458BBE100E2DD82 /* NotificationsSB.storyboard */,
			);
			path = View;
			sourceTree = "<group>";
		};
/* End PBXGroup section */

/* Begin PBXNativeTarget section */
		9E8700E724535C8C005AD32A /* WeatherTheStorm */ = {
			isa = PBXNativeTarget;
			buildConfigurationList = 9E8700FF24535C8F005AD32A /* Build configuration list for PBXNativeTarget "WeatherTheStorm" */;
			buildPhases = (
				9E8700E424535C8C005AD32A /* Sources */,
				9E8700E524535C8C005AD32A /* Frameworks */,
				9E8700E624535C8C005AD32A /* Resources */,
			);
			buildRules = (
			);
			dependencies = (
			);
			name = WeatherTheStorm;
			productName = WeatherTheStorm;
			productReference = 9E8700E824535C8C005AD32A /* WeatherTheStorm.app */;
			productType = "com.apple.product-type.application";
		};
/* End PBXNativeTarget section */

/* Begin PBXProject section */
		9E8700E024535C8C005AD32A /* Project object */ = {
			isa = PBXProject;
			attributes = {
				LastSwiftUpdateCheck = 1140;
				LastUpgradeCheck = 1140;
				ORGANIZATIONNAME = Gottfredson;
				TargetAttributes = {
					9E8700E724535C8C005AD32A = {
						CreatedOnToolsVersion = 11.4;
					};
				};
			};
			buildConfigurationList = 9E8700E324535C8C005AD32A /* Build configuration list for PBXProject "WeatherTheStorm" */;
			compatibilityVersion = "Xcode 9.3";
			developmentRegion = en;
			hasScannedForEncodings = 0;
			knownRegions = (
				en,
				Base,
			);
			mainGroup = 9E8700DF24535C8C005AD32A;
			productRefGroup = 9E8700E924535C8C005AD32A /* Products */;
			projectDirPath = "";
			projectRoot = "";
			targets = (
				9E8700E724535C8C005AD32A /* WeatherTheStorm */,
			);
		};
/* End PBXProject section */

/* Begin PBXResourcesBuildPhase section */
		9E8700E624535C8C005AD32A /* Resources */ = {
			isa = PBXResourcesBuildPhase;
			buildActionMask = 2147483647;
			files = (
				E978FBF92458BA8C00E2DD82 /* ForecastSB.storyboard in Resources */,
				E978FC012458BBE100E2DD82 /* NotificationsSB.storyboard in Resources */,
				9E8700FB24535C8F005AD32A /* LaunchScreen.storyboard in Resources */,
				E978FBFB2458BB2100E2DD82 /* WorkWeatherSB.storyboard in Resources */,
				E978FBFD2458BB8000E2DD82 /* TripWeatherSB.storyboard in Resources */,
				9E8700F824535C8F005AD32A /* Assets.xcassets in Resources */,
				9E8700F324535C8C005AD32A /* Main.storyboard in Resources */,
			);
			runOnlyForDeploymentPostprocessing = 0;
		};
/* End PBXResourcesBuildPhase section */

/* Begin PBXSourcesBuildPhase section */
		9E8700E424535C8C005AD32A /* Sources */ = {
			isa = PBXSourcesBuildPhase;
			buildActionMask = 2147483647;
			files = (
				E9A4F5C1245CA46800BDCBD1 /* LocationExtension.swift in Sources */,
				9E8700EC24535C8C005AD32A /* AppDelegate.swift in Sources */,
				9E731C492458DA3300B5420D /* APITestViewController.swift in Sources */,
				9E731C3D2458B5C500B5420D /* Weather.swift in Sources */,
				4ED3275D2453A07600558297 /* AirQuality.swift in Sources */,
				9E731C3924589F5C00B5420D /* TestViewController.swift in Sources */,
				9E7835AC2460BE5A008B4CF1 /* NewReminderTableViewController.swift in Sources */,
				9E9F3687245753570044086A /* DailyForecast.swift in Sources */,
				4ED7139C2458BA1F00F15547 /* TripDetailViewController.swift in Sources */,
				4E6C765F245A0D6F00F401D3 /* TripTableViewCell.swift in Sources */,
				9E731C452458C12600B5420D /* DailyForecastController.swift in Sources */,
<<<<<<< Updated upstream
				9E7835AE2460BF45008B4CF1 /* LocationSearchTableViewCell.swift in Sources */,
				4ED7139C2458BA1F00F15547 /* TripDetailViewController.swift in Sources */,
=======
				4ED7139C2458BA1F00F15547 /* TripDetailViewController.swift in Sources */,
				E9BB5B382460B7CC0024CB8F /* HourlyForecastTableViewCell.swift in Sources */,
				E978FC072458E5B800E2DD82 /* DateExtension.swift in Sources */,
				E9B6BC0C24575F6500F0209A /* HourlyForecast.swift in Sources */,
				E9B6BC0E245784DB00F0209A /* UserController.swift in Sources */,
				9E731C3B2458A66400B5420D /* ErrorExtension.swift in Sources */,
				9E731C3F2458BAEF00B5420D /* NetworkController.swift in Sources */,
				9E8700EE24535C8C005AD32A /* SceneDelegate.swift in Sources */,
				E92E8A20245A0C3B00E5354B /* ForecastDetailViewController.swift in Sources */,
				4ED7139E2458D5D400F15547 /* TripListViewController.swift in Sources */,
				E9B6BC0A24575F3A00F0209A /* CurrentWeather.swift in Sources */,
				9EC6BC07245CCD250090CA45 /* AirQualityController.swift in Sources */,
				4ED3275F2453A08500558297 /* Location.swift in Sources */,
				E978FC052458DE8F00E2DD82 /* ForecastViewController.swift in Sources */,
				9E731C412458C0C200B5420D /* CurrentWeatherController.swift in Sources */,
				9E9F3686245753570044086A /* Day.swift in Sources */,
				4ED327612453A09300558297 /* Trip.swift in Sources */,
				9E731C432458C0F300B5420D /* HourlyWeatherController.swift in Sources */,
				9E731C37245899FE00B5420D /* WeatherTheStorm.xcdatamodeld in Sources */,
				4E52863A2457906F00AA1096 /* TripController.swift in Sources */,
				4E52863C2457978800AA1096 /* LocationController.swift in Sources */,
				4ED3275B2453A02800558297 /* CoreDataStack.swift in Sources */,
			);
			runOnlyForDeploymentPostprocessing = 0;
		};
/* End PBXSourcesBuildPhase section */

/* Begin PBXVariantGroup section */
		9E8700F124535C8C005AD32A /* Main.storyboard */ = {
			isa = PBXVariantGroup;
			children = (
				9E8700F224535C8C005AD32A /* Base */,
			);
			name = Main.storyboard;
			sourceTree = "<group>";
		};
		9E8700F924535C8F005AD32A /* LaunchScreen.storyboard */ = {
			isa = PBXVariantGroup;
			children = (
				9E8700FA24535C8F005AD32A /* Base */,
			);
			name = LaunchScreen.storyboard;
			sourceTree = "<group>";
		};
/* End PBXVariantGroup section */

/* Begin XCBuildConfiguration section */
		9E8700FD24535C8F005AD32A /* Debug */ = {
			isa = XCBuildConfiguration;
			buildSettings = {
				ALWAYS_SEARCH_USER_PATHS = NO;
				CLANG_ANALYZER_NONNULL = YES;
				CLANG_ANALYZER_NUMBER_OBJECT_CONVERSION = YES_AGGRESSIVE;
				CLANG_CXX_LANGUAGE_STANDARD = "gnu++14";
				CLANG_CXX_LIBRARY = "libc++";
				CLANG_ENABLE_MODULES = YES;
				CLANG_ENABLE_OBJC_ARC = YES;
				CLANG_ENABLE_OBJC_WEAK = YES;
				CLANG_WARN_BLOCK_CAPTURE_AUTORELEASING = YES;
				CLANG_WARN_BOOL_CONVERSION = YES;
				CLANG_WARN_COMMA = YES;
				CLANG_WARN_CONSTANT_CONVERSION = YES;
				CLANG_WARN_DEPRECATED_OBJC_IMPLEMENTATIONS = YES;
				CLANG_WARN_DIRECT_OBJC_ISA_USAGE = YES_ERROR;
				CLANG_WARN_DOCUMENTATION_COMMENTS = YES;
				CLANG_WARN_EMPTY_BODY = YES;
				CLANG_WARN_ENUM_CONVERSION = YES;
				CLANG_WARN_INFINITE_RECURSION = YES;
				CLANG_WARN_INT_CONVERSION = YES;
				CLANG_WARN_NON_LITERAL_NULL_CONVERSION = YES;
				CLANG_WARN_OBJC_IMPLICIT_RETAIN_SELF = YES;
				CLANG_WARN_OBJC_LITERAL_CONVERSION = YES;
				CLANG_WARN_OBJC_ROOT_CLASS = YES_ERROR;
				CLANG_WARN_RANGE_LOOP_ANALYSIS = YES;
				CLANG_WARN_STRICT_PROTOTYPES = YES;
				CLANG_WARN_SUSPICIOUS_MOVE = YES;
				CLANG_WARN_UNGUARDED_AVAILABILITY = YES_AGGRESSIVE;
				CLANG_WARN_UNREACHABLE_CODE = YES;
				CLANG_WARN__DUPLICATE_METHOD_MATCH = YES;
				COPY_PHASE_STRIP = NO;
				DEBUG_INFORMATION_FORMAT = dwarf;
				ENABLE_STRICT_OBJC_MSGSEND = YES;
				ENABLE_TESTABILITY = YES;
				GCC_C_LANGUAGE_STANDARD = gnu11;
				GCC_DYNAMIC_NO_PIC = NO;
				GCC_NO_COMMON_BLOCKS = YES;
				GCC_OPTIMIZATION_LEVEL = 0;
				GCC_PREPROCESSOR_DEFINITIONS = (
					"DEBUG=1",
					"$(inherited)",
				);
				GCC_WARN_64_TO_32_BIT_CONVERSION = YES;
				GCC_WARN_ABOUT_RETURN_TYPE = YES_ERROR;
				GCC_WARN_UNDECLARED_SELECTOR = YES;
				GCC_WARN_UNINITIALIZED_AUTOS = YES_AGGRESSIVE;
				GCC_WARN_UNUSED_FUNCTION = YES;
				GCC_WARN_UNUSED_VARIABLE = YES;
				IPHONEOS_DEPLOYMENT_TARGET = 13.4;
				MTL_ENABLE_DEBUG_INFO = INCLUDE_SOURCE;
				MTL_FAST_MATH = YES;
				ONLY_ACTIVE_ARCH = YES;
				SDKROOT = iphoneos;
				SWIFT_ACTIVE_COMPILATION_CONDITIONS = DEBUG;
				SWIFT_OPTIMIZATION_LEVEL = "-Onone";
			};
			name = Debug;
		};
		9E8700FE24535C8F005AD32A /* Release */ = {
			isa = XCBuildConfiguration;
			buildSettings = {
				ALWAYS_SEARCH_USER_PATHS = NO;
				CLANG_ANALYZER_NONNULL = YES;
				CLANG_ANALYZER_NUMBER_OBJECT_CONVERSION = YES_AGGRESSIVE;
				CLANG_CXX_LANGUAGE_STANDARD = "gnu++14";
				CLANG_CXX_LIBRARY = "libc++";
				CLANG_ENABLE_MODULES = YES;
				CLANG_ENABLE_OBJC_ARC = YES;
				CLANG_ENABLE_OBJC_WEAK = YES;
				CLANG_WARN_BLOCK_CAPTURE_AUTORELEASING = YES;
				CLANG_WARN_BOOL_CONVERSION = YES;
				CLANG_WARN_COMMA = YES;
				CLANG_WARN_CONSTANT_CONVERSION = YES;
				CLANG_WARN_DEPRECATED_OBJC_IMPLEMENTATIONS = YES;
				CLANG_WARN_DIRECT_OBJC_ISA_USAGE = YES_ERROR;
				CLANG_WARN_DOCUMENTATION_COMMENTS = YES;
				CLANG_WARN_EMPTY_BODY = YES;
				CLANG_WARN_ENUM_CONVERSION = YES;
				CLANG_WARN_INFINITE_RECURSION = YES;
				CLANG_WARN_INT_CONVERSION = YES;
				CLANG_WARN_NON_LITERAL_NULL_CONVERSION = YES;
				CLANG_WARN_OBJC_IMPLICIT_RETAIN_SELF = YES;
				CLANG_WARN_OBJC_LITERAL_CONVERSION = YES;
				CLANG_WARN_OBJC_ROOT_CLASS = YES_ERROR;
				CLANG_WARN_RANGE_LOOP_ANALYSIS = YES;
				CLANG_WARN_STRICT_PROTOTYPES = YES;
				CLANG_WARN_SUSPICIOUS_MOVE = YES;
				CLANG_WARN_UNGUARDED_AVAILABILITY = YES_AGGRESSIVE;
				CLANG_WARN_UNREACHABLE_CODE = YES;
				CLANG_WARN__DUPLICATE_METHOD_MATCH = YES;
				COPY_PHASE_STRIP = NO;
				DEBUG_INFORMATION_FORMAT = "dwarf-with-dsym";
				ENABLE_NS_ASSERTIONS = NO;
				ENABLE_STRICT_OBJC_MSGSEND = YES;
				GCC_C_LANGUAGE_STANDARD = gnu11;
				GCC_NO_COMMON_BLOCKS = YES;
				GCC_WARN_64_TO_32_BIT_CONVERSION = YES;
				GCC_WARN_ABOUT_RETURN_TYPE = YES_ERROR;
				GCC_WARN_UNDECLARED_SELECTOR = YES;
				GCC_WARN_UNINITIALIZED_AUTOS = YES_AGGRESSIVE;
				GCC_WARN_UNUSED_FUNCTION = YES;
				GCC_WARN_UNUSED_VARIABLE = YES;
				IPHONEOS_DEPLOYMENT_TARGET = 13.4;
				MTL_ENABLE_DEBUG_INFO = NO;
				MTL_FAST_MATH = YES;
				SDKROOT = iphoneos;
				SWIFT_COMPILATION_MODE = wholemodule;
				SWIFT_OPTIMIZATION_LEVEL = "-O";
				VALIDATE_PRODUCT = YES;
			};
			name = Release;
		};
		9E87010024535C8F005AD32A /* Debug */ = {
			isa = XCBuildConfiguration;
			buildSettings = {
				ASSETCATALOG_COMPILER_APPICON_NAME = AppIcon;
				CODE_SIGN_STYLE = Automatic;
				DEVELOPMENT_TEAM = FL3UYWHSVP;
				INFOPLIST_FILE = WeatherTheStorm/Resources/Info.plist;
				LD_RUNPATH_SEARCH_PATHS = (
					"$(inherited)",
					"@executable_path/Frameworks",
				);
				PRODUCT_BUNDLE_IDENTIFIER = com.Gottfredson.WeatherTheStorm;
				PRODUCT_NAME = "$(TARGET_NAME)";
				SWIFT_VERSION = 5.0;
				TARGETED_DEVICE_FAMILY = "1,2";
			};
			name = Debug;
		};
		9E87010124535C8F005AD32A /* Release */ = {
			isa = XCBuildConfiguration;
			buildSettings = {
				ASSETCATALOG_COMPILER_APPICON_NAME = AppIcon;
				CODE_SIGN_STYLE = Automatic;
				DEVELOPMENT_TEAM = FL3UYWHSVP;
				INFOPLIST_FILE = WeatherTheStorm/Resources/Info.plist;
				LD_RUNPATH_SEARCH_PATHS = (
					"$(inherited)",
					"@executable_path/Frameworks",
				);
				PRODUCT_BUNDLE_IDENTIFIER = com.Gottfredson.WeatherTheStorm;
				PRODUCT_NAME = "$(TARGET_NAME)";
				SWIFT_VERSION = 5.0;
				TARGETED_DEVICE_FAMILY = "1,2";
			};
			name = Release;
		};
/* End XCBuildConfiguration section */

/* Begin XCConfigurationList section */
		9E8700E324535C8C005AD32A /* Build configuration list for PBXProject "WeatherTheStorm" */ = {
			isa = XCConfigurationList;
			buildConfigurations = (
				9E8700FD24535C8F005AD32A /* Debug */,
				9E8700FE24535C8F005AD32A /* Release */,
			);
			defaultConfigurationIsVisible = 0;
			defaultConfigurationName = Release;
		};
		9E8700FF24535C8F005AD32A /* Build configuration list for PBXNativeTarget "WeatherTheStorm" */ = {
			isa = XCConfigurationList;
			buildConfigurations = (
				9E87010024535C8F005AD32A /* Debug */,
				9E87010124535C8F005AD32A /* Release */,
			);
			defaultConfigurationIsVisible = 0;
			defaultConfigurationName = Release;
		};
/* End XCConfigurationList section */

/* Begin XCVersionGroup section */
		9E731C35245899FD00B5420D /* WeatherTheStorm.xcdatamodeld */ = {
			isa = XCVersionGroup;
			children = (
				9E731C36245899FD00B5420D /* WeatherTheStorm.xcdatamodel */,
			);
			currentVersion = 9E731C36245899FD00B5420D /* WeatherTheStorm.xcdatamodel */;
			path = WeatherTheStorm.xcdatamodeld;
			sourceTree = "<group>";
			versionGroupType = wrapper.xcdatamodel;
		};
/* End XCVersionGroup section */
	};
	rootObject = 9E8700E024535C8C005AD32A /* Project object */;
}
